
Microsoft Visual Studio Solution File, Format Version 12.00
# Visual Studio Version 17
VisualStudioVersion = 17.5.2.0
MinimumVisualStudioVersion = 10.0.40219.1
Project("{FAE04EC0-301F-11D3-BF4B-00C04F79EFBC}") = "OASIS.WebAPI", "OASIS.WebAPI.csproj", "{3B223138-D76C-88AF-0B58-842E33D63992}"
EndProject
Project("{FAE04EC0-301F-11D3-BF4B-00C04F79EFBC}") = "OASIS.WebAPI.Tests", "tests\OASIS.WebAPI.Tests\OASIS.WebAPI.Tests.csproj", "{D36B3E39-D2D1-429A-9DE8-F94CC9D3F21A}"
EndProject
Project("{FAE04EC0-301F-11D3-BF4B-00C04F79EFBC}") = "OASIS.WebAPI.IntegrationTests", "tests\OASIS.WebAPI.IntegrationTests\OASIS.WebAPI.IntegrationTests.csproj", "{22AD07D3-E41C-4A5D-AB5C-506F54959142}"
EndProject
Project("{FAE04EC0-301F-11D3-BF4B-00C04F79EFBC}") = "OASIS.WebAPI.LiveTests", "tests\OASIS.WebAPI.LiveTests\OASIS.WebAPI.LiveTests.csproj", "{A1B2C3D4-E5F6-7890-ABCD-EF1234567890}"
EndProject
Project("{FAE04EC0-301F-11D3-BF4B-00C04F79EFBC}") = "SurrealQlSafetyAnalyzer", "analyzers\SurrealQlSafetyAnalyzer\SurrealQlSafetyAnalyzer.csproj", "{C8D4E5F6-A7B8-9012-CDEF-123456789ABC}"
EndProject
Project("{FAE04EC0-301F-11D3-BF4B-00C04F79EFBC}") = "Oasis.SurrealDb.Client", "packages\Oasis.SurrealDb.Client\Oasis.SurrealDb.Client.csproj", "{A1A1A1A1-0001-4001-8001-000000000001}"
EndProject
Project("{FAE04EC0-301F-11D3-BF4B-00C04F79EFBC}") = "Oasis.SurrealDb.Schema", "packages\Oasis.SurrealDb.Schema\Oasis.SurrealDb.Schema.csproj", "{A1A1A1A1-0002-4001-8001-000000000002}"
EndProject
Project("{FAE04EC0-301F-11D3-BF4B-00C04F79EFBC}") = "Oasis.SurrealDb.Analyzer", "packages\Oasis.SurrealDb.Analyzer\Oasis.SurrealDb.Analyzer.csproj", "{A1A1A1A1-0003-4001-8001-000000000003}"
EndProject
Project("{FAE04EC0-301F-11D3-BF4B-00C04F79EFBC}") = "Oasis.SurrealDb.Client.Tests", "tests\Oasis.SurrealDb.Client.Tests\Oasis.SurrealDb.Client.Tests.csproj", "{A1A1A1A1-0004-4001-8001-000000000004}"
EndProject
Project("{FAE04EC0-301F-11D3-BF4B-00C04F79EFBC}") = "Oasis.SurrealDb.Schema.Tests", "tests\Oasis.SurrealDb.Schema.Tests\Oasis.SurrealDb.Schema.Tests.csproj", "{A1A1A1A1-0005-4001-8001-000000000005}"
EndProject
Project("{FAE04EC0-301F-11D3-BF4B-00C04F79EFBC}") = "Oasis.SurrealDb.Analyzer.Tests", "tests\Oasis.SurrealDb.Analyzer.Tests\Oasis.SurrealDb.Analyzer.Tests.csproj", "{A1A1A1A1-0006-4001-8001-000000000006}"
EndProject
Global
	GlobalSection(SolutionConfigurationPlatforms) = preSolution
		Debug|Any CPU = Debug|Any CPU
		Debug|x64 = Debug|x64
		Debug|x86 = Debug|x86
		Release|Any CPU = Release|Any CPU
		Release|x64 = Release|x64
		Release|x86 = Release|x86
	EndGlobalSection
	GlobalSection(ProjectConfigurationPlatforms) = postSolution
		{3B223138-D76C-88AF-0B58-842E33D63992}.Debug|Any CPU.ActiveCfg = Debug|Any CPU
		{3B223138-D76C-88AF-0B58-842E33D63992}.Debug|Any CPU.Build.0 = Debug|Any CPU
		{3B223138-D76C-88AF-0B58-842E33D63992}.Debug|x64.ActiveCfg = Debug|Any CPU
		{3B223138-D76C-88AF-0B58-842E33D63992}.Debug|x64.Build.0 = Debug|Any CPU
		{3B223138-D76C-88AF-0B58-842E33D63992}.Debug|x86.ActiveCfg = Debug|Any CPU
		{3B223138-D76C-88AF-0B58-842E33D63992}.Debug|x86.Build.0 = Debug|Any CPU
		{3B223138-D76C-88AF-0B58-842E33D63992}.Release|Any CPU.ActiveCfg = Release|Any CPU
		{3B223138-D76C-88AF-0B58-842E33D63992}.Release|Any CPU.Build.0 = Release|Any CPU
		{3B223138-D76C-88AF-0B58-842E33D63992}.Release|x64.ActiveCfg = Release|Any CPU
		{3B223138-D76C-88AF-0B58-842E33D63992}.Release|x64.Build.0 = Release|Any CPU
		{3B223138-D76C-88AF-0B58-842E33D63992}.Release|x86.ActiveCfg = Release|Any CPU
		{3B223138-D76C-88AF-0B58-842E33D63992}.Release|x86.Build.0 = Release|Any CPU
		{D36B3E39-D2D1-429A-9DE8-F94CC9D3F21A}.Debug|Any CPU.ActiveCfg = Debug|Any CPU
		{D36B3E39-D2D1-429A-9DE8-F94CC9D3F21A}.Debug|Any CPU.Build.0 = Debug|Any CPU
		{D36B3E39-D2D1-429A-9DE8-F94CC9D3F21A}.Debug|x64.ActiveCfg = Debug|Any CPU
		{D36B3E39-D2D1-429A-9DE8-F94CC9D3F21A}.Debug|x64.Build.0 = Debug|Any CPU
		{D36B3E39-D2D1-429A-9DE8-F94CC9D3F21A}.Debug|x86.ActiveCfg = Debug|Any CPU
		{D36B3E39-D2D1-429A-9DE8-F94CC9D3F21A}.Debug|x86.Build.0 = Debug|Any CPU
		{D36B3E39-D2D1-429A-9DE8-F94CC9D3F21A}.Release|Any CPU.ActiveCfg = Release|Any CPU
		{D36B3E39-D2D1-429A-9DE8-F94CC9D3F21A}.Release|Any CPU.Build.0 = Release|Any CPU
		{D36B3E39-D2D1-429A-9DE8-F94CC9D3F21A}.Release|x64.ActiveCfg = Release|Any CPU
		{D36B3E39-D2D1-429A-9DE8-F94CC9D3F21A}.Release|x64.Build.0 = Release|Any CPU
		{D36B3E39-D2D1-429A-9DE8-F94CC9D3F21A}.Release|x86.ActiveCfg = Release|Any CPU
		{D36B3E39-D2D1-429A-9DE8-F94CC9D3F21A}.Release|x86.Build.0 = Release|Any CPU
		{22AD07D3-E41C-4A5D-AB5C-506F54959142}.Debug|Any CPU.ActiveCfg = Debug|Any CPU
		{22AD07D3-E41C-4A5D-AB5C-506F54959142}.Debug|Any CPU.Build.0 = Debug|Any CPU
		{22AD07D3-E41C-4A5D-AB5C-506F54959142}.Debug|x64.ActiveCfg = Debug|Any CPU
		{22AD07D3-E41C-4A5D-AB5C-506F54959142}.Debug|x64.Build.0 = Debug|Any CPU
		{22AD07D3-E41C-4A5D-AB5C-506F54959142}.Debug|x86.ActiveCfg = Debug|Any CPU
		{22AD07D3-E41C-4A5D-AB5C-506F54959142}.Debug|x86.Build.0 = Debug|Any CPU
		{22AD07D3-E41C-4A5D-AB5C-506F54959142}.Release|Any CPU.ActiveCfg = Release|Any CPU
		{22AD07D3-E41C-4A5D-AB5C-506F54959142}.Release|Any CPU.Build.0 = Release|Any CPU
		{22AD07D3-E41C-4A5D-AB5C-506F54959142}.Release|x64.ActiveCfg = Release|Any CPU
		{22AD07D3-E41C-4A5D-AB5C-506F54959142}.Release|x64.Build.0 = Release|Any CPU
		{22AD07D3-E41C-4A5D-AB5C-506F54959142}.Release|x86.ActiveCfg = Release|Any CPU
		{22AD07D3-E41C-4A5D-AB5C-506F54959142}.Release|x86.Build.0 = Release|Any CPU
		{A1B2C3D4-E5F6-7890-ABCD-EF1234567890}.Debug|Any CPU.ActiveCfg = Debug|Any CPU
		{A1B2C3D4-E5F6-7890-ABCD-EF1234567890}.Debug|Any CPU.Build.0 = Debug|Any CPU
		{A1B2C3D4-E5F6-7890-ABCD-EF1234567890}.Debug|x64.ActiveCfg = Debug|Any CPU
		{A1B2C3D4-E5F6-7890-ABCD-EF1234567890}.Debug|x64.Build.0 = Debug|Any CPU
		{A1B2C3D4-E5F6-7890-ABCD-EF1234567890}.Debug|x86.ActiveCfg = Debug|Any CPU
		{A1B2C3D4-E5F6-7890-ABCD-EF1234567890}.Debug|x86.Build.0 = Debug|Any CPU
		{A1B2C3D4-E5F6-7890-ABCD-EF1234567890}.Release|Any CPU.ActiveCfg = Release|Any CPU
		{A1B2C3D4-E5F6-7890-ABCD-EF1234567890}.Release|Any CPU.Build.0 = Release|Any CPU
		{A1B2C3D4-E5F6-7890-ABCD-EF1234567890}.Release|x64.ActiveCfg = Debug|Any CPU
		{A1B2C3D4-E5F6-7890-ABCD-EF1234567890}.Release|x64.Build.0 = Debug|Any CPU
		{A1B2C3D4-E5F6-7890-ABCD-EF1234567890}.Release|x86.ActiveCfg = Debug|Any CPU
		{A1B2C3D4-E5F6-7890-ABCD-EF1234567890}.Release|x86.Build.0 = Debug|Any CPU
		{C8D4E5F6-A7B8-9012-CDEF-123456789ABC}.Debug|Any CPU.ActiveCfg = Debug|Any CPU
		{C8D4E5F6-A7B8-9012-CDEF-123456789ABC}.Debug|Any CPU.Build.0 = Debug|Any CPU
		{C8D4E5F6-A7B8-9012-CDEF-123456789ABC}.Debug|x64.ActiveCfg = Debug|Any CPU
		{C8D4E5F6-A7B8-9012-CDEF-123456789ABC}.Debug|x64.Build.0 = Debug|Any CPU
		{C8D4E5F6-A7B8-9012-CDEF-123456789ABC}.Debug|x86.ActiveCfg = Debug|Any CPU
		{C8D4E5F6-A7B8-9012-CDEF-123456789ABC}.Debug|x86.Build.0 = Debug|Any CPU
		{C8D4E5F6-A7B8-9012-CDEF-123456789ABC}.Release|Any CPU.ActiveCfg = Release|Any CPU
		{C8D4E5F6-A7B8-9012-CDEF-123456789ABC}.Release|Any CPU.Build.0 = Release|Any CPU
		{C8D4E5F6-A7B8-9012-CDEF-123456789ABC}.Release|x64.ActiveCfg = Release|Any CPU
		{C8D4E5F6-A7B8-9012-CDEF-123456789ABC}.Release|x64.Build.0 = Release|Any CPU
		{C8D4E5F6-A7B8-9012-CDEF-123456789ABC}.Release|x86.ActiveCfg = Release|Any CPU
		{C8D4E5F6-A7B8-9012-CDEF-123456789ABC}.Release|x86.Build.0 = Release|Any CPU
		{A1A1A1A1-0001-4001-8001-000000000001}.Debug|Any CPU.ActiveCfg = Debug|Any CPU
		{A1A1A1A1-0001-4001-8001-000000000001}.Debug|Any CPU.Build.0 = Debug|Any CPU
		{A1A1A1A1-0001-4001-8001-000000000001}.Debug|x64.ActiveCfg = Debug|Any CPU
		{A1A1A1A1-0001-4001-8001-000000000001}.Debug|x64.Build.0 = Debug|Any CPU
		{A1A1A1A1-0001-4001-8001-000000000001}.Debug|x86.ActiveCfg = Debug|Any CPU
		{A1A1A1A1-0001-4001-8001-000000000001}.Debug|x86.Build.0 = Debug|Any CPU
		{A1A1A1A1-0001-4001-8001-000000000001}.Release|Any CPU.ActiveCfg = Release|Any CPU
		{A1A1A1A1-0001-4001-8001-000000000001}.Release|Any CPU.Build.0 = Release|Any CPU
		{A1A1A1A1-0001-4001-8001-000000000001}.Release|x64.ActiveCfg = Release|Any CPU
		{A1A1A1A1-0001-4001-8001-000000000001}.Release|x64.Build.0 = Release|Any CPU
		{A1A1A1A1-0001-4001-8001-000000000001}.Release|x86.ActiveCfg = Release|Any CPU
		{A1A1A1A1-0001-4001-8001-000000000001}.Release|x86.Build.0 = Release|Any CPU
		{A1A1A1A1-0002-4001-8001-000000000002}.Debug|Any CPU.ActiveCfg = Debug|Any CPU
		{A1A1A1A1-0002-4001-8001-000000000002}.Debug|Any CPU.Build.0 = Debug|Any CPU
		{A1A1A1A1-0002-4001-8001-000000000002}.Debug|x64.ActiveCfg = Debug|Any CPU
		{A1A1A1A1-0002-4001-8001-000000000002}.Debug|x64.Build.0 = Debug|Any CPU
		{A1A1A1A1-0002-4001-8001-000000000002}.Debug|x86.ActiveCfg = Debug|Any CPU
		{A1A1A1A1-0002-4001-8001-000000000002}.Debug|x86.Build.0 = Debug|Any CPU
		{A1A1A1A1-0002-4001-8001-000000000002}.Release|Any CPU.ActiveCfg = Release|Any CPU
		{A1A1A1A1-0002-4001-8001-000000000002}.Release|Any CPU.Build.0 = Release|Any CPU
		{A1A1A1A1-0002-4001-8001-000000000002}.Release|x64.ActiveCfg = Release|Any CPU
		{A1A1A1A1-0002-4001-8001-000000000002}.Release|x64.Build.0 = Release|Any CPU
		{A1A1A1A1-0002-4001-8001-000000000002}.Release|x86.ActiveCfg = Release|Any CPU
		{A1A1A1A1-0002-4001-8001-000000000002}.Release|x86.Build.0 = Release|Any CPU
		{A1A1A1A1-0003-4001-8001-000000000003}.Debug|Any CPU.ActiveCfg = Debug|Any CPU
		{A1A1A1A1-0003-4001-8001-000000000003}.Debug|Any CPU.Build.0 = Debug|Any CPU
		{A1A1A1A1-0003-4001-8001-000000000003}.Debug|x64.ActiveCfg = Debug|Any CPU
		{A1A1A1A1-0003-4001-8001-000000000003}.Debug|x64.Build.0 = Debug|Any CPU
		{A1A1A1A1-0003-4001-8001-000000000003}.Debug|x86.ActiveCfg = Debug|Any CPU
		{A1A1A1A1-0003-4001-8001-000000000003}.Debug|x86.Build.0 = Debug|Any CPU
		{A1A1A1A1-0003-4001-8001-000000000003}.Release|Any CPU.ActiveCfg = Release|Any CPU
		{A1A1A1A1-0003-4001-8001-000000000003}.Release|Any CPU.Build.0 = Release|Any CPU
		{A1A1A1A1-0003-4001-8001-000000000003}.Release|x64.ActiveCfg = Release|Any CPU
		{A1A1A1A1-0003-4001-8001-000000000003}.Release|x64.Build.0 = Release|Any CPU
		{A1A1A1A1-0003-4001-8001-000000000003}.Release|x86.ActiveCfg = Release|Any CPU
		{A1A1A1A1-0003-4001-8001-000000000003}.Release|x86.Build.0 = Release|Any CPU
		{A1A1A1A1-0004-4001-8001-000000000004}.Debug|Any CPU.ActiveCfg = Debug|Any CPU
		{A1A1A1A1-0004-4001-8001-000000000004}.Debug|Any CPU.Build.0 = Debug|Any CPU
		{A1A1A1A1-0004-4001-8001-000000000004}.Debug|x64.ActiveCfg = Debug|Any CPU
		{A1A1A1A1-0004-4001-8001-000000000004}.Debug|x64.Build.0 = Debug|Any CPU
		{A1A1A1A1-0004-4001-8001-000000000004}.Debug|x86.ActiveCfg = Debug|Any CPU
		{A1A1A1A1-0004-4001-8001-000000000004}.Debug|x86.Build.0 = Debug|Any CPU
		{A1A1A1A1-0004-4001-8001-000000000004}.Release|Any CPU.ActiveCfg = Release|Any CPU
		{A1A1A1A1-0004-4001-8001-000000000004}.Release|Any CPU.Build.0 = Release|Any CPU
		{A1A1A1A1-0004-4001-8001-000000000004}.Release|x64.ActiveCfg = Release|Any CPU
		{A1A1A1A1-0004-4001-8001-000000000004}.Release|x64.Build.0 = Release|Any CPU
		{A1A1A1A1-0004-4001-8001-000000000004}.Release|x86.ActiveCfg = Release|Any CPU
		{A1A1A1A1-0004-4001-8001-000000000004}.Release|x86.Build.0 = Release|Any CPU
		{A1A1A1A1-0005-4001-8001-000000000005}.Debug|Any CPU.ActiveCfg = Debug|Any CPU
		{A1A1A1A1-0005-4001-8001-000000000005}.Debug|Any CPU.Build.0 = Debug|Any CPU
		{A1A1A1A1-0005-4001-8001-000000000005}.Debug|x64.ActiveCfg = Debug|Any CPU
		{A1A1A1A1-0005-4001-8001-000000000005}.Debug|x64.Build.0 = Debug|Any CPU
		{A1A1A1A1-0005-4001-8001-000000000005}.Debug|x86.ActiveCfg = Debug|Any CPU
		{A1A1A1A1-0005-4001-8001-000000000005}.Debug|x86.Build.0 = Debug|Any CPU
		{A1A1A1A1-0005-4001-8001-000000000005}.Release|Any CPU.ActiveCfg = Release|Any CPU
		{A1A1A1A1-0005-4001-8001-000000000005}.Release|Any CPU.Build.0 = Release|Any CPU
		{A1A1A1A1-0005-4001-8001-000000000005}.Release|x64.ActiveCfg = Release|Any CPU
		{A1A1A1A1-0005-4001-8001-000000000005}.Release|x64.Build.0 = Release|Any CPU
		{A1A1A1A1-0005-4001-8001-000000000005}.Release|x86.ActiveCfg = Release|Any CPU
		{A1A1A1A1-0005-4001-8001-000000000005}.Release|x86.Build.0 = Release|Any CPU
		{A1A1A1A1-0006-4001-8001-000000000006}.Debug|Any CPU.ActiveCfg = Debug|Any CPU
		{A1A1A1A1-0006-4001-8001-000000000006}.Debug|Any CPU.Build.0 = Debug|Any CPU
		{A1A1A1A1-0006-4001-8001-000000000006}.Debug|x64.ActiveCfg = Debug|Any CPU
		{A1A1A1A1-0006-4001-8001-000000000006}.Debug|x64.Build.0 = Debug|Any CPU
		{A1A1A1A1-0006-4001-8001-000000000006}.Debug|x86.ActiveCfg = Debug|Any CPU
		{A1A1A1A1-0006-4001-8001-000000000006}.Debug|x86.Build.0 = Debug|Any CPU
		{A1A1A1A1-0006-4001-8001-000000000006}.Release|Any CPU.ActiveCfg = Release|Any CPU
		{A1A1A1A1-0006-4001-8001-000000000006}.Release|Any CPU.Build.0 = Release|Any CPU
		{A1A1A1A1-0006-4001-8001-000000000006}.Release|x64.ActiveCfg = Release|Any CPU
		{A1A1A1A1-0006-4001-8001-000000000006}.Release|x64.Build.0 = Release|Any CPU
		{A1A1A1A1-0006-4001-8001-000000000006}.Release|x86.ActiveCfg = Release|Any CPU
		{A1A1A1A1-0006-4001-8001-000000000006}.Release|x86.Build.0 = Release|Any CPU
	EndGlobalSection
	GlobalSection(SolutionProperties) = preSolution
		HideSolutionNode = FALSE
	EndGlobalSection
	GlobalSection(ExtensibilityGlobals) = postSolution
		SolutionGuid = {812A4155-F797-423F-875A-58F7F3285CDF}
	EndGlobalSection
EndGlobal
